
Microsoft Visual Studio Solution File, Format Version 12.00
# Visual Studio Version 16
VisualStudioVersion = 16.0.31729.503
MinimumVisualStudioVersion = 10.0.40219.1
Project("{9A19103F-16F7-4668-BE54-9A1E7A4F7556}") = "SocialNetwork", "SocialNetwork\SocialNetwork.csproj", "{B1F081E3-C34A-491A-B845-C93754C65B4C}"
EndProject
Global
	GlobalSection(SolutionConfigurationPlatforms) = preSolution
		Debug|Any CPU = Debug|Any CPU
		Release|Any CPU = Release|Any CPU
	EndGlobalSection
	GlobalSection(ProjectConfigurationPlatforms) = postSolution
		{B1F081E3-C34A-491A-B845-C93754C65B4C}.Debug|Any CPU.ActiveCfg = Debug|Any CPU
		{B1F081E3-C34A-491A-B845-C93754C65B4C}.Debug|Any CPU.Build.0 = Debug|Any CPU
		{B1F081E3-C34A-491A-B845-C93754C65B4C}.Release|Any CPU.ActiveCfg = Release|Any CPU
		{B1F081E3-C34A-491A-B845-C93754C65B4C}.Release|Any CPU.Build.0 = Release|Any CPU
	EndGlobalSection
	GlobalSection(SolutionProperties) = preSolution
		HideSolutionNode = FALSE
	EndGlobalSection
	GlobalSection(ExtensibilityGlobals) = postSolution
		SolutionGuid = {B3B06A6E-65DB-4A61-8EAD-83C3693FA842}
	EndGlobalSection
EndGlobal
